<?xml version="1.0" encoding="utf-8"?>
<Project ToolsVersion="4.0" xmlns="http://schemas.microsoft.com/developer/msbuild/2003">
  <ItemGroup>
    <Filter Include="src">
      <UniqueIdentifier>{4FC737F1-C7A5-4376-A066-2A32D752A2FF}</UniqueIdentifier>
      <Extensions>cpp;c;cc;cxx;def;odl;idl;hpj;bat;asm;asmx</Extensions>
    </Filter>
    <Filter Include="include">
      <UniqueIdentifier>{93995380-89BD-4b04-88EB-625FBE52EBFB}</UniqueIdentifier>
      <Extensions>h;hh;hpp;hxx;hm;inl;inc;xsd</Extensions>
    </Filter>
    <Filter Include="light">
      <UniqueIdentifier>{75ce671b-285c-4dcf-9326-fbc1c1cab163}</UniqueIdentifier>
    </Filter>
    <Filter Include="material">
      <UniqueIdentifier>{0cc03ccb-9a85-4141-a53a-fa0aa9a5e08d}</UniqueIdentifier>
    </Filter>
    <Filter Include="sampler">
      <UniqueIdentifier>{d45f857c-4e18-4f0d-b085-d750ef26dcce}</UniqueIdentifier>
    </Filter>
    <Filter Include="test">
      <UniqueIdentifier>{c5cc50fb-edc3-4cd9-8ba3-327795d4c5ab}</UniqueIdentifier>
    </Filter>
    <Filter Include="camera">
      <UniqueIdentifier>{cca5cfd7-7800-4de3-bc54-fdac4770f8db}</UniqueIdentifier>
    </Filter>
    <Filter Include="bvh">
      <UniqueIdentifier>{cd2814e1-164c-431a-aeab-384adf9b4f04}</UniqueIdentifier>
    </Filter>
  </ItemGroup>
  <ItemGroup>
    <ClInclude Include="include\animation.h">
      <Filter>include</Filter>
    </ClInclude>
    <ClInclude Include="include\filter.h">
      <Filter>include</Filter>
    </ClInclude>
    <ClInclude Include="include\ply.h">
      <Filter>include</Filter>
    </ClInclude>
    <ClInclude Include="include\ray.h">
      <Filter>include</Filter>
    </ClInclude>
    <ClInclude Include="include\rtmesh.h">
      <Filter>include</Filter>
    </ClInclude>
    <ClInclude Include="include\rtrenderer.h">
      <Filter>include</Filter>
    </ClInclude>
    <ClInclude Include="include\rtscene.h">
      <Filter>include</Filter>
    </ClInclude>
    <ClInclude Include="include\sampler.h">
      <Filter>include</Filter>
    </ClInclude>
    <ClInclude Include="include\surfaceintegrator.h">
      <Filter>include</Filter>
    </ClInclude>
    <ClInclude Include="include\texture.h">
      <Filter>include</Filter>
    </ClInclude>
    <ClInclude Include="include\timeline.h">
      <Filter>include</Filter>
    </ClInclude>
    <ClInclude Include="light\light.h">
      <Filter>light</Filter>
    </ClInclude>
    <ClInclude Include="light\spherelight.h">
      <Filter>light</Filter>
    </ClInclude>
    <ClInclude Include="material\rtmaterial.h">
      <Filter>material</Filter>
    </ClInclude>
    <ClInclude Include="sampler\coshemisampler.h">
      <Filter>sampler</Filter>
    </ClInclude>
    <ClInclude Include="sampler\spheresampler.h">
      <Filter>sampler</Filter>
    </ClInclude>
    <ClInclude Include="include\gcrt.h">
      <Filter>include</Filter>
    </ClInclude>
    <ClInclude Include="camera\rtcamera.h">
      <Filter>camera</Filter>
    </ClInclude>
    <ClInclude Include="bvh\octree.h">
      <Filter>bvh</Filter>
    </ClInclude>
    <ClInclude Include="test\testscene.h">
      <Filter>test</Filter>
    </ClInclude>
  </ItemGroup>
  <ItemGroup>
    <ClCompile Include="light\spherelight.cpp">
      <Filter>light</Filter>
    </ClCompile>
    <ClCompile Include="material\blinnmaterial.cpp">
      <Filter>material</Filter>
    </ClCompile>
    <ClCompile Include="material\fresnelglassmaterial.cpp">
      <Filter>material</Filter>
    </ClCompile>
    <ClCompile Include="material\lambertmaterial.cpp">
      <Filter>material</Filter>
    </ClCompile>
    <ClCompile Include="material\mirrormaterial.cpp">
      <Filter>material</Filter>
    </ClCompile>
    <ClCompile Include="material\rtmaterial.cpp">
      <Filter>material</Filter>
    </ClCompile>
    <ClCompile Include="sampler\coshemisampler.cpp">
      <Filter>sampler</Filter>
    </ClCompile>
    <ClCompile Include="sampler\spheresampler.cpp">
      <Filter>sampler</Filter>
    </ClCompile>
    <ClCompile Include="src\animation.cpp">
      <Filter>src</Filter>
    </ClCompile>
    <ClCompile Include="src\filter.cpp">
      <Filter>src</Filter>
    </ClCompile>
    <ClCompile Include="src\plyfile.c">
      <Filter>src</Filter>
    </ClCompile>
    <ClCompile Include="src\raytrace.cpp">
      <Filter>src</Filter>
    </ClCompile>
    <ClCompile Include="src\rtmesh.cpp">
      <Filter>src</Filter>
    </ClCompile>
    <ClCompile Include="src\rtrenderer.cpp">
      <Filter>src</Filter>
    </ClCompile>
    <ClCompile Include="src\rtscene.cpp">
      <Filter>src</Filter>
    </ClCompile>
    <ClCompile Include="src\sampler.cpp">
      <Filter>src</Filter>
    </ClCompile>
    <ClCompile Include="src\surfaceintegrator.cpp">
      <Filter>src</Filter>
    </ClCompile>
    <ClCompile Include="src\texture.cpp">
      <Filter>src</Filter>
    </ClCompile>
    <ClCompile Include="src\timeline.cpp">
      <Filter>src</Filter>
    </ClCompile>
    <ClCompile Include="test\testoctree.cpp">
      <Filter>test</Filter>
    </ClCompile>
    <ClCompile Include="camera\rtcamera.cpp">
      <Filter>camera</Filter>
    </ClCompile>
    <ClCompile Include="bvh\octree.cpp">
      <Filter>bvh</Filter>
    </ClCompile>
    <ClCompile Include="test\testrenderer.cpp">
      <Filter>test</Filter>
    </ClCompile>
  </ItemGroup>
</Project>