<?xml version="1.0" encoding="utf-8"?>
<Project ToolsVersion="4.0" xmlns="http://schemas.microsoft.com/developer/msbuild/2003">
  <ItemGroup>
    <Filter Include="passes">
      <UniqueIdentifier>{214586eb-6995-4a5b-a2d9-40ea342be382}</UniqueIdentifier>
    </Filter>
    <Filter Include="scenes">
      <UniqueIdentifier>{35931b40-2703-42ad-9490-72251f9afcc7}</UniqueIdentifier>
    </Filter>
    <Filter Include="shaders">
      <UniqueIdentifier>{fc42fa7f-4a3c-44bf-8669-8940e4d757b5}</UniqueIdentifier>
    </Filter>
    <Filter Include="src">
      <UniqueIdentifier>{4FC737F1-C7A5-4376-A066-2A32D752A2FF}</UniqueIdentifier>
      <Extensions>cpp;c;cc;cxx;def;odl;idl;hpj;bat;asm;asmx</Extensions>
    </Filter>
    <Filter Include="include">
      <UniqueIdentifier>{93995380-89BD-4b04-88EB-625FBE52EBFB}</UniqueIdentifier>
      <Extensions>h;hh;hpp;hxx;hm;inl;inc;xsd</Extensions>
    </Filter>
  </ItemGroup>
  <ItemGroup>
    <ClInclude Include="passes\bloompass.h">
      <Filter>passes</Filter>
    </ClInclude>
    <ClInclude Include="passes\depthpass.h">
      <Filter>passes</Filter>
    </ClInclude>
    <ClInclude Include="passes\dofpass.h">
      <Filter>passes</Filter>
    </ClInclude>
    <ClInclude Include="passes\mainpass.h">
      <Filter>passes</Filter>
    </ClInclude>
    <ClInclude Include="passes\pickerpass.h">
      <Filter>passes</Filter>
    </ClInclude>
    <ClInclude Include="passes\renderpass.h">
      <Filter>passes</Filter>
    </ClInclude>
    <ClInclude Include="scenes\animationscene.h">
      <Filter>scenes</Filter>
    </ClInclude>
    <ClInclude Include="scenes\envmapscene.h">
      <Filter>scenes</Filter>
    </ClInclude>
    <ClInclude Include="scenes\terrainscene.h">
      <Filter>scenes</Filter>
    </ClInclude>
    <ClInclude Include="include\input.h">
      <Filter>include</Filter>
    </ClInclude>
    <ClInclude Include="include\noise.h">
      <Filter>include</Filter>
    </ClInclude>
    <ClInclude Include="include\perlinterrain.h">
      <Filter>include</Filter>
    </ClInclude>
    <ClInclude Include="include\renderer.h">
      <Filter>include</Filter>
    </ClInclude>
    <ClInclude Include="include\sceneselector.h">
      <Filter>include</Filter>
    </ClInclude>
    <ClInclude Include="include\shader.h">
      <Filter>include</Filter>
    </ClInclude>
  </ItemGroup>
  <ItemGroup>
    <ClCompile Include="passes\bloompass.cpp">
      <Filter>passes</Filter>
    </ClCompile>
    <ClCompile Include="passes\depthpass.cpp">
      <Filter>passes</Filter>
    </ClCompile>
    <ClCompile Include="passes\dofpass.cpp">
      <Filter>passes</Filter>
    </ClCompile>
    <ClCompile Include="passes\mainpass.cpp">
      <Filter>passes</Filter>
    </ClCompile>
    <ClCompile Include="passes\pickerpass.cpp">
      <Filter>passes</Filter>
    </ClCompile>
    <ClCompile Include="passes\renderpass.cpp">
      <Filter>passes</Filter>
    </ClCompile>
    <ClCompile Include="scenes\animationscene.cpp">
      <Filter>scenes</Filter>
    </ClCompile>
    <ClCompile Include="scenes\envmapscene.cpp">
      <Filter>scenes</Filter>
    </ClCompile>
    <ClCompile Include="scenes\terrainscene.cpp">
      <Filter>scenes</Filter>
    </ClCompile>
    <ClCompile Include="src\gcrtmain.cpp">
      <Filter>src</Filter>
    </ClCompile>
    <ClCompile Include="src\input.cpp">
      <Filter>src</Filter>
    </ClCompile>
    <ClCompile Include="src\noise.cpp">
      <Filter>src</Filter>
    </ClCompile>
    <ClCompile Include="src\perlinterrain.cpp">
      <Filter>src</Filter>
    </ClCompile>
    <ClCompile Include="src\renderer.cpp">
      <Filter>src</Filter>
    </ClCompile>
    <ClCompile Include="src\sceneselector.cpp">
      <Filter>src</Filter>
    </ClCompile>
    <ClCompile Include="src\shader.cpp">
      <Filter>src</Filter>
    </ClCompile>
  </ItemGroup>
  <ItemGroup>
    <None Include="shaders\BrightShader.frag">
      <Filter>shaders</Filter>
    </None>
    <None Include="shaders\BrightShader.vert">
      <Filter>shaders</Filter>
    </None>
    <None Include="shaders\Compose.frag">
      <Filter>shaders</Filter>
    </None>
    <None Include="shaders\Compose.vert">
      <Filter>shaders</Filter>
    </None>
    <None Include="shaders\DepthPassShader.frag">
      <Filter>shaders</Filter>
    </None>
    <None Include="shaders\DepthPassShader.vert">
      <Filter>shaders</Filter>
    </None>
    <None Include="shaders\DepthPassShaderAnim.frag">
      <Filter>shaders</Filter>
    </None>
    <None Include="shaders\DepthPassShaderAnim.vert">
      <Filter>shaders</Filter>
    </None>
    <None Include="shaders\DOFPassShader.frag">
      <Filter>shaders</Filter>
    </None>
    <None Include="shaders\DOFPassShader.vert">
      <Filter>shaders</Filter>
    </None>
    <None Include="shaders\DOFShader.frag">
      <Filter>shaders</Filter>
    </None>
    <None Include="shaders\DOFShader.vert">
      <Filter>shaders</Filter>
    </None>
    <None Include="shaders\GaussBlur.frag">
      <Filter>shaders</Filter>
    </None>
    <None Include="shaders\GaussBlur.vert">
      <Filter>shaders</Filter>
    </None>
    <None Include="shaders\PickerShader.frag">
      <Filter>shaders</Filter>
    </None>
    <None Include="shaders\PickerShader.vert">
      <Filter>shaders</Filter>
    </None>
    <None Include="shaders\PickerShaderAnim.frag">
      <Filter>shaders</Filter>
    </None>
    <None Include="shaders\PickerShaderAnim.vert">
      <Filter>shaders</Filter>
    </None>
    <None Include="shaders\RenderShader.frag">
      <Filter>shaders</Filter>
    </None>
    <None Include="shaders\RenderShader.vert">
      <Filter>shaders</Filter>
    </None>
    <None Include="shaders\RenderShaderAnim.frag">
      <Filter>shaders</Filter>
    </None>
    <None Include="shaders\RenderShaderAnim.vert">
      <Filter>shaders</Filter>
    </None>
    <None Include="shaders\RenderShaderEnv.frag">
      <Filter>shaders</Filter>
    </None>
    <None Include="shaders\RenderShaderEnv.vert">
      <Filter>shaders</Filter>
    </None>
  </ItemGroup>
</Project>