<?xml version="1.0" encoding="utf-8"?>
<Project ToolsVersion="4.0" xmlns="http://schemas.microsoft.com/developer/msbuild/2003">
  <ItemGroup>
    <Filter Include="src">
      <UniqueIdentifier>{4FC737F1-C7A5-4376-A066-2A32D752A2FF}</UniqueIdentifier>
      <Extensions>cpp;c;cc;cxx;def;odl;idl;hpj;bat;asm;asmx</Extensions>
    </Filter>
    <Filter Include="inc">
      <UniqueIdentifier>{93995380-89BD-4b04-88EB-625FBE52EBFB}</UniqueIdentifier>
      <Extensions>h;hh;hpp;hxx;hm;inl;inc;xsd</Extensions>
    </Filter>
  </ItemGroup>
  <ItemGroup>
    <ClCompile Include="src\animation.cpp">
      <Filter>src</Filter>
    </ClCompile>
    <ClCompile Include="src\box.cpp">
      <Filter>src</Filter>
    </ClCompile>
    <ClCompile Include="src\camera.cpp">
      <Filter>src</Filter>
    </ClCompile>
    <ClCompile Include="src\cylinder.cpp">
      <Filter>src</Filter>
    </ClCompile>
    <ClCompile Include="src\plane.cpp">
      <Filter>src</Filter>
    </ClCompile>
    <ClCompile Include="src\skeletalmesh.cpp">
      <Filter>src</Filter>
    </ClCompile>
    <ClCompile Include="src\sphere.cpp">
      <Filter>src</Filter>
    </ClCompile>
  </ItemGroup>
  <ItemGroup>
    <ClInclude Include="inc\animation.h">
      <Filter>inc</Filter>
    </ClInclude>
    <ClInclude Include="inc\assetmanager.h">
      <Filter>inc</Filter>
    </ClInclude>
    <ClInclude Include="inc\box.h">
      <Filter>inc</Filter>
    </ClInclude>
    <ClInclude Include="inc\camera.h">
      <Filter>inc</Filter>
    </ClInclude>
    <ClInclude Include="inc\cylinder.h">
      <Filter>inc</Filter>
    </ClInclude>
    <ClInclude Include="inc\gcrtcommon.h">
      <Filter>inc</Filter>
    </ClInclude>
    <ClInclude Include="inc\light.h">
      <Filter>inc</Filter>
    </ClInclude>
    <ClInclude Include="inc\plane.h">
      <Filter>inc</Filter>
    </ClInclude>
    <ClInclude Include="inc\skeletalmesh.h">
      <Filter>inc</Filter>
    </ClInclude>
    <ClInclude Include="inc\sphere.h">
      <Filter>inc</Filter>
    </ClInclude>
    <ClInclude Include="inc\utilscommon.h">
      <Filter>inc</Filter>
    </ClInclude>
  </ItemGroup>
</Project>