<?xml version="1.0" encoding="utf-8"?>
<Project ToolsVersion="4.0" xmlns="http://schemas.microsoft.com/developer/msbuild/2003">
  <ItemGroup>
    <Filter Include="include">
      <UniqueIdentifier>{93995380-89BD-4b04-88EB-625FBE52EBFB}</UniqueIdentifier>
      <Extensions>h;hh;hpp;hxx;hm;inl;inc;ipp;xsd</Extensions>
    </Filter>
    <Filter Include="src">
      <UniqueIdentifier>{4FC737F1-C7A5-4376-A066-2A32D752A2FF}</UniqueIdentifier>
      <Extensions>cpp;c;cc;cxx;def;odl;idl;hpj;bat;asm;asmx</Extensions>
    </Filter>
    <Filter Include="scenes">
      <UniqueIdentifier>{3ee7930c-a617-4862-b31e-3f69eb492eaa}</UniqueIdentifier>
    </Filter>
    <Filter Include="passes">
      <UniqueIdentifier>{515ab6c8-9795-4f95-aeaa-e229d3d0eec9}</UniqueIdentifier>
    </Filter>
    <Filter Include="shaders">
      <UniqueIdentifier>{45442ace-e253-4a45-8207-2af3edaf45ef}</UniqueIdentifier>
    </Filter>
  </ItemGroup>
  <ItemGroup>
    <ClInclude Include="include\gcrtvk.h">
      <Filter>include</Filter>
    </ClInclude>
    <ClInclude Include="include\renderervk.h">
      <Filter>include</Filter>
    </ClInclude>
    <ClInclude Include="src\sceneselectorvk.h">
      <Filter>include</Filter>
    </ClInclude>
    <ClInclude Include="passes\renderpass.h">
      <Filter>passes</Filter>
    </ClInclude>
    <ClInclude Include="include\utilsvk.h">
      <Filter>include</Filter>
    </ClInclude>
    <ClInclude Include="include\meshvk.h">
      <Filter>include</Filter>
    </ClInclude>
    <ClInclude Include="include\scenevk.h">
      <Filter>include</Filter>
    </ClInclude>
    <ClInclude Include="scenes\scenes.h">
      <Filter>scenes</Filter>
    </ClInclude>
  </ItemGroup>
  <ItemGroup>
    <ClCompile Include="src\gcrtvkmain.cpp">
      <Filter>src</Filter>
    </ClCompile>
    <ClCompile Include="src\renderervk.cpp">
      <Filter>src</Filter>
    </ClCompile>
    <ClCompile Include="scenes\basicscene.cpp">
      <Filter>scenes</Filter>
    </ClCompile>
    <ClCompile Include="passes\phongpass.cpp">
      <Filter>passes</Filter>
    </ClCompile>
    <ClCompile Include="src\utilsvk.cpp">
      <Filter>src</Filter>
    </ClCompile>
    <ClCompile Include="src\meshvk.cpp">
      <Filter>src</Filter>
    </ClCompile>
  </ItemGroup>
  <ItemGroup>
    <None Include="shaders\simple.vert">
      <Filter>shaders</Filter>
    </None>
    <None Include="shaders\simple.frag">
      <Filter>shaders</Filter>
    </None>
  </ItemGroup>
</Project>